
Microsoft Visual Studio Solution File, Format Version 12.00
# Visual Studio Version 17
VisualStudioVersion = 17.8.34309.116
MinimumVisualStudioVersion = 10.0.40219.1
Project("{FAE04EC0-301F-11D3-BF4B-00C04F79EFBC}") = "Game2", "Game2\Game2.csproj", "{79EF1FDE-7EB6-4580-B718-6074715FEE3B}"
EndProject
Global
	GlobalSection(SolutionConfigurationPlatforms) = preSolution
		Debug|Any CPU = Debug|Any CPU
		Release|Any CPU = Release|Any CPU
	EndGlobalSection
	GlobalSection(ProjectConfigurationPlatforms) = postSolution
		{79EF1FDE-7EB6-4580-B718-6074715FEE3B}.Debug|Any CPU.ActiveCfg = Debug|Any CPU
		{79EF1FDE-7EB6-4580-B718-6074715FEE3B}.Debug|Any CPU.Build.0 = Debug|Any CPU
		{79EF1FDE-7EB6-4580-B718-6074715FEE3B}.Release|Any CPU.ActiveCfg = Release|Any CPU
		{79EF1FDE-7EB6-4580-B718-6074715FEE3B}.Release|Any CPU.Build.0 = Release|Any CPU
	EndGlobalSection
	GlobalSection(SolutionProperties) = preSolution
		HideSolutionNode = FALSE
	EndGlobalSection
	GlobalSection(ExtensibilityGlobals) = postSolution
		SolutionGuid = {0908F9BD-963F-4634-95F5-56823C90531F}
	EndGlobalSection
EndGlobal
